// !$*UTF8*$!
{
	archiveVersion = 1;
	classes = {
	};
	objectVersion = 50;
	objects = {

/* Begin PBXBuildFile section */
		D54072362105C95B0081DEFE /* AppDelegate.m in Sources */ = {isa = PBXBuildFile; fileRef = D54072352105C95B0081DEFE /* AppDelegate.m */; };
		D54072392105C95B0081DEFE /* ViewController.m in Sources */ = {isa = PBXBuildFile; fileRef = D54072382105C95B0081DEFE /* ViewController.m */; };
		D540723C2105C95B0081DEFE /* Main.storyboard in Resources */ = {isa = PBXBuildFile; fileRef = D540723A2105C95B0081DEFE /* Main.storyboard */; };
		D540723E2105C95C0081DEFE /* Assets.xcassets in Resources */ = {isa = PBXBuildFile; fileRef = D540723D2105C95C0081DEFE /* Assets.xcassets */; };
		D54072412105C95C0081DEFE /* LaunchScreen.storyboard in Resources */ = {isa = PBXBuildFile; fileRef = D540723F2105C95C0081DEFE /* LaunchScreen.storyboard */; };
		D54072442105C95C0081DEFE /* main.m in Sources */ = {isa = PBXBuildFile; fileRef = D54072432105C95C0081DEFE /* main.m */; };
		D540724E2105C95C0081DEFE /* iOSTests.m in Sources */ = {isa = PBXBuildFile; fileRef = D540724D2105C95C0081DEFE /* iOSTests.m */; };
		D540725F2105CBB00081DEFE /* VSCache.m in Sources */ = {isa = PBXBuildFile; fileRef = D540725E2105CBB00081DEFE /* VSCache.m */; };
/* End PBXBuildFile section */

/* Begin PBXContainerItemProxy section */
		D540724A2105C95C0081DEFE /* PBXContainerItemProxy */ = {
			isa = PBXContainerItemProxy;
			containerPortal = D54072292105C95B0081DEFE /* Project object */;
			proxyType = 1;
			remoteGlobalIDString = D54072302105C95B0081DEFE;
			remoteInfo = iOS;
		};
/* End PBXContainerItemProxy section */

/* Begin PBXFileReference section */
		D54072312105C95B0081DEFE /* iOS.app */ = {isa = PBXFileReference; explicitFileType = wrapper.application; includeInIndex = 0; path = iOS.app; sourceTree = BUILT_PRODUCTS_DIR; };
		D54072342105C95B0081DEFE /* AppDelegate.h */ = {isa = PBXFileReference; lastKnownFileType = sourcecode.c.h; path = AppDelegate.h; sourceTree = "<group>"; };
		D54072352105C95B0081DEFE /* AppDelegate.m */ = {isa = PBXFileReference; lastKnownFileType = sourcecode.c.objc; path = AppDelegate.m; sourceTree = "<group>"; };
		D54072372105C95B0081DEFE /* ViewController.h */ = {isa = PBXFileReference; lastKnownFileType = sourcecode.c.h; path = ViewController.h; sourceTree = "<group>"; };
		D54072382105C95B0081DEFE /* ViewController.m */ = {isa = PBXFileReference; lastKnownFileType = sourcecode.c.objc; path = ViewController.m; sourceTree = "<group>"; };
		D540723B2105C95B0081DEFE /* Base */ = {isa = PBXFileReference; lastKnownFileType = file.storyboard; name = Base; path = Base.lproj/Main.storyboard; sourceTree = "<group>"; };
		D540723D2105C95C0081DEFE /* Assets.xcassets */ = {isa = PBXFileReference; lastKnownFileType = folder.assetcatalog; path = Assets.xcassets; sourceTree = "<group>"; };
		D54072402105C95C0081DEFE /* Base */ = {isa = PBXFileReference; lastKnownFileType = file.storyboard; name = Base; path = Base.lproj/LaunchScreen.storyboard; sourceTree = "<group>"; };
		D54072422105C95C0081DEFE /* Info.plist */ = {isa = PBXFileReference; lastKnownFileType = text.plist.xml; path = Info.plist; sourceTree = "<group>"; };
		D54072432105C95C0081DEFE /* main.m */ = {isa = PBXFileReference; lastKnownFileType = sourcecode.c.objc; path = main.m; sourceTree = "<group>"; };
		D54072492105C95C0081DEFE /* iOSTests.xctest */ = {isa = PBXFileReference; explicitFileType = wrapper.cfbundle; includeInIndex = 0; path = iOSTests.xctest; sourceTree = BUILT_PRODUCTS_DIR; };
		D540724D2105C95C0081DEFE /* iOSTests.m */ = {isa = PBXFileReference; lastKnownFileType = sourcecode.c.objc; path = iOSTests.m; sourceTree = "<group>"; };
		D540724F2105C95C0081DEFE /* Info.plist */ = {isa = PBXFileReference; lastKnownFileType = text.plist.xml; path = Info.plist; sourceTree = "<group>"; };
		D540725D2105CBB00081DEFE /* VSCache.h */ = {isa = PBXFileReference; fileEncoding = 4; lastKnownFileType = sourcecode.c.h; path = VSCache.h; sourceTree = "<group>"; };
		D540725E2105CBB00081DEFE /* VSCache.m */ = {isa = PBXFileReference; fileEncoding = 4; lastKnownFileType = sourcecode.c.objc; path = VSCache.m; sourceTree = "<group>"; };
/* End PBXFileReference section */

/* Begin PBXFrameworksBuildPhase section */
		D540722E2105C95B0081DEFE /* Frameworks */ = {
			isa = PBXFrameworksBuildPhase;
			buildActionMask = 2147483647;
			files = (
			);
			runOnlyForDeploymentPostprocessing = 0;
		};
		D54072462105C95C0081DEFE /* Frameworks */ = {
			isa = PBXFrameworksBuildPhase;
			buildActionMask = 2147483647;
			files = (
			);
			runOnlyForDeploymentPostprocessing = 0;
		};
/* End PBXFrameworksBuildPhase section */

/* Begin PBXGroup section */
		D54072282105C95B0081DEFE = {
			isa = PBXGroup;
			children = (
				D540725C2105CBB00081DEFE /* Source */,
				D54072332105C95B0081DEFE /* iOS */,
				D540724C2105C95C0081DEFE /* iOSTests */,
				D54072322105C95B0081DEFE /* Products */,
			);
			sourceTree = "<group>";
		};
		D54072322105C95B0081DEFE /* Products */ = {
			isa = PBXGroup;
			children = (
				D54072312105C95B0081DEFE /* iOS.app */,
				D54072492105C95C0081DEFE /* iOSTests.xctest */,
			);
			name = Products;
			sourceTree = "<group>";
		};
		D54072332105C95B0081DEFE /* iOS */ = {
			isa = PBXGroup;
			children = (
				D54072342105C95B0081DEFE /* AppDelegate.h */,
				D54072352105C95B0081DEFE /* AppDelegate.m */,
				D54072372105C95B0081DEFE /* ViewController.h */,
				D54072382105C95B0081DEFE /* ViewController.m */,
				D540723A2105C95B0081DEFE /* Main.storyboard */,
				D540723D2105C95C0081DEFE /* Assets.xcassets */,
				D540723F2105C95C0081DEFE /* LaunchScreen.storyboard */,
				D54072422105C95C0081DEFE /* Info.plist */,
				D54072432105C95C0081DEFE /* main.m */,
			);
			path = iOS;
			sourceTree = "<group>";
		};
		D540724C2105C95C0081DEFE /* iOSTests */ = {
			isa = PBXGroup;
			children = (
				D540724D2105C95C0081DEFE /* iOSTests.m */,
				D540724F2105C95C0081DEFE /* Info.plist */,
			);
			path = iOSTests;
			sourceTree = "<group>";
		};
		D540725C2105CBB00081DEFE /* Source */ = {
			isa = PBXGroup;
			children = (
				D540725D2105CBB00081DEFE /* VSCache.h */,
				D540725E2105CBB00081DEFE /* VSCache.m */,
			);
			name = Source;
			path = ../Source;
			sourceTree = "<group>";
		};
/* End PBXGroup section */

/* Begin PBXNativeTarget section */
		D54072302105C95B0081DEFE /* iOS */ = {
			isa = PBXNativeTarget;
			buildConfigurationList = D54072522105C95C0081DEFE /* Build configuration list for PBXNativeTarget "iOS" */;
			buildPhases = (
				D540722D2105C95B0081DEFE /* Sources */,
				D540722E2105C95B0081DEFE /* Frameworks */,
				D540722F2105C95B0081DEFE /* Resources */,
			);
			buildRules = (
			);
			dependencies = (
			);
			name = iOS;
			productName = iOS;
			productReference = D54072312105C95B0081DEFE /* iOS.app */;
			productType = "com.apple.product-type.application";
		};
		D54072482105C95C0081DEFE /* iOSTests */ = {
			isa = PBXNativeTarget;
			buildConfigurationList = D54072552105C95C0081DEFE /* Build configuration list for PBXNativeTarget "iOSTests" */;
			buildPhases = (
				D54072452105C95C0081DEFE /* Sources */,
				D54072462105C95C0081DEFE /* Frameworks */,
				D54072472105C95C0081DEFE /* Resources */,
			);
			buildRules = (
			);
			dependencies = (
				D540724B2105C95C0081DEFE /* PBXTargetDependency */,
			);
			name = iOSTests;
			productName = iOSTests;
			productReference = D54072492105C95C0081DEFE /* iOSTests.xctest */;
			productType = "com.apple.product-type.bundle.unit-test";
		};
/* End PBXNativeTarget section */

/* Begin PBXProject section */
		D54072292105C95B0081DEFE /* Project object */ = {
			isa = PBXProject;
			attributes = {
				LastUpgradeCheck = 0940;
				ORGANIZATIONNAME = "Viacheslav Soroka";
				TargetAttributes = {
					D54072302105C95B0081DEFE = {
						CreatedOnToolsVersion = 9.4.1;
					};
					D54072482105C95C0081DEFE = {
						CreatedOnToolsVersion = 9.4.1;
						TestTargetID = D54072302105C95B0081DEFE;
					};
				};
			};
			buildConfigurationList = D540722C2105C95B0081DEFE /* Build configuration list for PBXProject "iOS" */;
			compatibilityVersion = "Xcode 9.3";
			developmentRegion = en;
			hasScannedForEncodings = 0;
			knownRegions = (
				en,
				Base,
			);
			mainGroup = D54072282105C95B0081DEFE;
			productRefGroup = D54072322105C95B0081DEFE /* Products */;
			projectDirPath = "";
			projectRoot = "";
			targets = (
				D54072302105C95B0081DEFE /* iOS */,
				D54072482105C95C0081DEFE /* iOSTests */,
			);
		};
/* End PBXProject section */

/* Begin PBXResourcesBuildPhase section */
		D540722F2105C95B0081DEFE /* Resources */ = {
			isa = PBXResourcesBuildPhase;
			buildActionMask = 2147483647;
			files = (
				D54072412105C95C0081DEFE /* LaunchScreen.storyboard in Resources */,
				D540723E2105C95C0081DEFE /* Assets.xcassets in Resources */,
				D540723C2105C95B0081DEFE /* Main.storyboard in Resources */,
			);
			runOnlyForDeploymentPostprocessing = 0;
		};
		D54072472105C95C0081DEFE /* Resources */ = {
			isa = PBXResourcesBuildPhase;
			buildActionMask = 2147483647;
			files = (
			);
			runOnlyForDeploymentPostprocessing = 0;
		};
/* End PBXResourcesBuildPhase section */

/* Begin PBXSourcesBuildPhase section */
		D540722D2105C95B0081DEFE /* Sources */ = {
			isa = PBXSourcesBuildPhase;
			buildActionMask = 2147483647;
			files = (
				D54072392105C95B0081DEFE /* ViewController.m in Sources */,
				D54072442105C95C0081DEFE /* main.m in Sources */,
				D54072362105C95B0081DEFE /* AppDelegate.m in Sources */,
			);
			runOnlyForDeploymentPostprocessing = 0;
		};
		D54072452105C95C0081DEFE /* Sources */ = {
			isa = PBXSourcesBuildPhase;
			buildActionMask = 2147483647;
			files = (
				D540725F2105CBB00081DEFE /* VSCache.m in Sources */,
				D540724E2105C95C0081DEFE /* iOSTests.m in Sources */,
			);
			runOnlyForDeploymentPostprocessing = 0;
		};
/* End PBXSourcesBuildPhase section */

/* Begin PBXTargetDependency section */
		D540724B2105C95C0081DEFE /* PBXTargetDependency */ = {
			isa = PBXTargetDependency;
			target = D54072302105C95B0081DEFE /* iOS */;
			targetProxy = D540724A2105C95C0081DEFE /* PBXContainerItemProxy */;
		};
/* End PBXTargetDependency section */

/* Begin PBXVariantGroup section */
		D540723A2105C95B0081DEFE /* Main.storyboard */ = {
			isa = PBXVariantGroup;
			children = (
				D540723B2105C95B0081DEFE /* Base */,
			);
			name = Main.storyboard;
			sourceTree = "<group>";
		};
		D540723F2105C95C0081DEFE /* LaunchScreen.storyboard */ = {
			isa = PBXVariantGroup;
			children = (
				D54072402105C95C0081DEFE /* Base */,
			);
			name = LaunchScreen.storyboard;
			sourceTree = "<group>";
		};
/* End PBXVariantGroup section */

/* Begin XCBuildConfiguration section */
		D54072502105C95C0081DEFE /* Debug */ = {
			isa = XCBuildConfiguration;
			buildSettings = {
				ALWAYS_SEARCH_USER_PATHS = NO;
				CLANG_ANALYZER_NONNULL = YES;
				CLANG_ANALYZER_NUMBER_OBJECT_CONVERSION = YES_AGGRESSIVE;
				CLANG_CXX_LANGUAGE_STANDARD = "gnu++14";
				CLANG_CXX_LIBRARY = "libc++";
				CLANG_ENABLE_MODULES = YES;
				CLANG_ENABLE_OBJC_ARC = YES;
				CLANG_ENABLE_OBJC_WEAK = YES;
				CLANG_WARN_BLOCK_CAPTURE_AUTORELEASING = YES;
				CLANG_WARN_BOOL_CONVERSION = YES;
				CLANG_WARN_COMMA = YES;
				CLANG_WARN_CONSTANT_CONVERSION = YES;
				CLANG_WARN_DEPRECATED_OBJC_IMPLEMENTATIONS = YES;
				CLANG_WARN_DIRECT_OBJC_ISA_USAGE = YES_ERROR;
				CLANG_WARN_DOCUMENTATION_COMMENTS = YES;
				CLANG_WARN_EMPTY_BODY = YES;
				CLANG_WARN_ENUM_CONVERSION = YES;
				CLANG_WARN_INFINITE_RECURSION = YES;
				CLANG_WARN_INT_CONVERSION = YES;
				CLANG_WARN_NON_LITERAL_NULL_CONVERSION = YES;
				CLANG_WARN_OBJC_IMPLICIT_RETAIN_SELF = YES;
				CLANG_WARN_OBJC_LITERAL_CONVERSION = YES;
				CLANG_WARN_OBJC_ROOT_CLASS = YES_ERROR;
				CLANG_WARN_RANGE_LOOP_ANALYSIS = YES;
				CLANG_WARN_STRICT_PROTOTYPES = YES;
				CLANG_WARN_SUSPICIOUS_MOVE = YES;
				CLANG_WARN_UNGUARDED_AVAILABILITY = YES_AGGRESSIVE;
				CLANG_WARN_UNREACHABLE_CODE = YES;
				CLANG_WARN__DUPLICATE_METHOD_MATCH = YES;
				CODE_SIGN_IDENTITY = "iPhone Developer";
				COPY_PHASE_STRIP = NO;
				DEBUG_INFORMATION_FORMAT = dwarf;
				ENABLE_STRICT_OBJC_MSGSEND = YES;
				ENABLE_TESTABILITY = YES;
				GCC_C_LANGUAGE_STANDARD = gnu11;
				GCC_DYNAMIC_NO_PIC = NO;
				GCC_NO_COMMON_BLOCKS = YES;
				GCC_OPTIMIZATION_LEVEL = 0;
				GCC_PREPROCESSOR_DEFINITIONS = (
					"DEBUG=1",
					"$(inherited)",
				);
				GCC_WARN_64_TO_32_BIT_CONVERSION = YES;
				GCC_WARN_ABOUT_RETURN_TYPE = YES_ERROR;
				GCC_WARN_UNDECLARED_SELECTOR = YES;
				GCC_WARN_UNINITIALIZED_AUTOS = YES_AGGRESSIVE;
				GCC_WARN_UNUSED_FUNCTION = YES;
				GCC_WARN_UNUSED_VARIABLE = YES;
				IPHONEOS_DEPLOYMENT_TARGET = 11.4;
				MTL_ENABLE_DEBUG_INFO = YES;
				ONLY_ACTIVE_ARCH = YES;
				SDKROOT = iphoneos;
			};
			name = Debug;
		};
		D54072512105C95C0081DEFE /* Release */ = {
			isa = XCBuildConfiguration;
			buildSettings = {
				ALWAYS_SEARCH_USER_PATHS = NO;
				CLANG_ANALYZER_NONNULL = YES;
				CLANG_ANALYZER_NUMBER_OBJECT_CONVERSION = YES_AGGRESSIVE;
				CLANG_CXX_LANGUAGE_STANDARD = "gnu++14";
				CLANG_CXX_LIBRARY = "libc++";
				CLANG_ENABLE_MODULES = YES;
				CLANG_ENABLE_OBJC_ARC = YES;
				CLANG_ENABLE_OBJC_WEAK = YES;
				CLANG_WARN_BLOCK_CAPTURE_AUTORELEASING = YES;
				CLANG_WARN_BOOL_CONVERSION = YES;
				CLANG_WARN_COMMA = YES;
				CLANG_WARN_CONSTANT_CONVERSION = YES;
				CLANG_WARN_DEPRECATED_OBJC_IMPLEMENTATIONS = YES;
				CLANG_WARN_DIRECT_OBJC_ISA_USAGE = YES_ERROR;
				CLANG_WARN_DOCUMENTATION_COMMENTS = YES;
				CLANG_WARN_EMPTY_BODY = YES;
				CLANG_WARN_ENUM_CONVERSION = YES;
				CLANG_WARN_INFINITE_RECURSION = YES;
				CLANG_WARN_INT_CONVERSION = YES;
				CLANG_WARN_NON_LITERAL_NULL_CONVERSION = YES;
				CLANG_WARN_OBJC_IMPLICIT_RETAIN_SELF = YES;
				CLANG_WARN_OBJC_LITERAL_CONVERSION = YES;
				CLANG_WARN_OBJC_ROOT_CLASS = YES_ERROR;
				CLANG_WARN_RANGE_LOOP_ANALYSIS = YES;
				CLANG_WARN_STRICT_PROTOTYPES = YES;
				CLANG_WARN_SUSPICIOUS_MOVE = YES;
				CLANG_WARN_UNGUARDED_AVAILABILITY = YES_AGGRESSIVE;
				CLANG_WARN_UNREACHABLE_CODE = YES;
				CLANG_WARN__DUPLICATE_METHOD_MATCH = YES;
				CODE_SIGN_IDENTITY = "iPhone Developer";
				COPY_PHASE_STRIP = NO;
				DEBUG_INFORMATION_FORMAT = "dwarf-with-dsym";
				ENABLE_NS_ASSERTIONS = NO;
				ENABLE_STRICT_OBJC_MSGSEND = YES;
				GCC_C_LANGUAGE_STANDARD = gnu11;
				GCC_NO_COMMON_BLOCKS = YES;
				GCC_WARN_64_TO_32_BIT_CONVERSION = YES;
				GCC_WARN_ABOUT_RETURN_TYPE = YES_ERROR;
				GCC_WARN_UNDECLARED_SELECTOR = YES;
				GCC_WARN_UNINITIALIZED_AUTOS = YES_AGGRESSIVE;
				GCC_WARN_UNUSED_FUNCTION = YES;
				GCC_WARN_UNUSED_VARIABLE = YES;
				IPHONEOS_DEPLOYMENT_TARGET = 11.4;
				MTL_ENABLE_DEBUG_INFO = NO;
				SDKROOT = iphoneos;
				VALIDATE_PRODUCT = YES;
			};
			name = Release;
		};
		D54072532105C95C0081DEFE /* Debug */ = {
			isa = XCBuildConfiguration;
			buildSettings = {
				ASSETCATALOG_COMPILER_APPICON_NAME = AppIcon;
				CODE_SIGN_STYLE = Automatic;
				INFOPLIST_FILE = iOS/Info.plist;
				LD_RUNPATH_SEARCH_PATHS = (
					"$(inherited)",
					"@executable_path/Frameworks",
				);
				PRODUCT_BUNDLE_IDENTIFIER = vs.iOS;
				PRODUCT_NAME = "$(TARGET_NAME)";
				TARGETED_DEVICE_FAMILY = "1,2";
			};
			name = Debug;
		};
		D54072542105C95C0081DEFE /* Release */ = {
			isa = XCBuildConfiguration;
			buildSettings = {
				ASSETCATALOG_COMPILER_APPICON_NAME = AppIcon;
				CODE_SIGN_STYLE = Automatic;
				INFOPLIST_FILE = iOS/Info.plist;
				LD_RUNPATH_SEARCH_PATHS = (
					"$(inherited)",
					"@executable_path/Frameworks",
				);
				PRODUCT_BUNDLE_IDENTIFIER = vs.iOS;
				PRODUCT_NAME = "$(TARGET_NAME)";
				TARGETED_DEVICE_FAMILY = "1,2";
			};
			name = Release;
		};
		D54072562105C95C0081DEFE /* Debug */ = {
			isa = XCBuildConfiguration;
			buildSettings = {
				BUNDLE_LOADER = "$(TEST_HOST)";
				CODE_SIGN_STYLE = Automatic;
				INFOPLIST_FILE = iOSTests/Info.plist;
				LD_RUNPATH_SEARCH_PATHS = (
					"$(inherited)",
					"@executable_path/Frameworks",
					"@loader_path/Frameworks",
				);
				PRODUCT_BUNDLE_IDENTIFIER = vs.iOSTests;
				PRODUCT_NAME = "$(TARGET_NAME)";
				TARGETED_DEVICE_FAMILY = "1,2";
				TEST_HOST = "$(BUILT_PRODUCTS_DIR)/iOS.app/iOS";
			};
			name = Debug;
		};
		D54072572105C95C0081DEFE /* Release */ = {
			isa = XCBuildConfiguration;
			buildSettings = {
				BUNDLE_LOADER = "$(TEST_HOST)";
				CODE_SIGN_STYLE = Automatic;
				INFOPLIST_FILE = iOSTests/Info.plist;
				LD_RUNPATH_SEARCH_PATHS = (
					"$(inherited)",
					"@executable_path/Frameworks",
					"@loader_path/Frameworks",
				);
				PRODUCT_BUNDLE_IDENTIFIER = vs.iOSTests;
				PRODUCT_NAME = "$(TARGET_NAME)";
				TARGETED_DEVICE_FAMILY = "1,2";
				TEST_HOST = "$(BUILT_PRODUCTS_DIR)/iOS.app/iOS";
			};
			name = Release;
		};
/* End XCBuildConfiguration section */

/* Begin XCConfigurationList section */
		D540722C2105C95B0081DEFE /* Build configuration list for PBXProject "iOS" */ = {
			isa = XCConfigurationList;
			buildConfigurations = (
				D54072502105C95C0081DEFE /* Debug */,
				D54072512105C95C0081DEFE /* Release */,
			);
			defaultConfigurationIsVisible = 0;
			defaultConfigurationName = Release;
		};
		D54072522105C95C0081DEFE /* Build configuration list for PBXNativeTarget "iOS" */ = {
			isa = XCConfigurationList;
			buildConfigurations = (
				D54072532105C95C0081DEFE /* Debug */,
				D54072542105C95C0081DEFE /* Release */,
			);
			defaultConfigurationIsVisible = 0;
			defaultConfigurationName = Release;
		};
		D54072552105C95C0081DEFE /* Build configuration list for PBXNativeTarget "iOSTests" */ = {
			isa = XCConfigurationList;
			buildConfigurations = (
				D54072562105C95C0081DEFE /* Debug */,
				D54072572105C95C0081DEFE /* Release */,
			);
			defaultConfigurationIsVisible = 0;
			defaultConfigurationName = Release;
		};
/* End XCConfigurationList section */
	};
	rootObject = D54072292105C95B0081DEFE /* Project object */;
}
